{
  "version": 4,
  "terraform_version": "1.3.6",
  "serial": 131,
  "lineage": "46b1b3ad-29bd-9531-aab9-fc5ac586c7f5",
  "outputs": {},
  "resources": [
    {
      "mode": "data",
      "type": "archive_file",
      "name": "zip_the_python_code",
      "provider": "provider[\"registry.terraform.io/hashicorp/archive\"]",
      "instances": [
        {
          "schema_version": 0,
          "attributes": {
            "excludes": null,
            "id": "4bba2706abb1064981214d003b09baac414e24da",
            "output_base64sha256": "4lTEKPIXP0pq1Tdo7apmT6p2QpeOa6c9yuMrJ9DxJyw=",
            "output_file_mode": null,
            "output_md5": "8ba12af00aebc51f2b5803f7639f3bb6",
            "output_path": "./python/launch-ecs.zip",
            "output_sha": "4bba2706abb1064981214d003b09baac414e24da",
            "output_size": 299,
            "source": [],
            "source_content": null,
            "source_content_filename": null,
            "source_dir": "./launchTask",
            "source_file": null,
            "type": "zip"
          },
          "sensitive_attributes": []
        }
      ]
    },
    {
      "mode": "managed",
      "type": "aws_iam_policy",
      "name": "iam_policy_invoke_for_lambda",
      "provider": "provider[\"registry.terraform.io/hashicorp/aws\"]",
      "instances": [
        {
          "schema_version": 0,
          "attributes": {
            "arn": "arn:aws:iam::695393698791:policy/iam_policy_invoke_for_lambda",
            "description": "AWS IAM Policy for managing aws lambda role",
            "id": "arn:aws:iam::695393698791:policy/iam_policy_invoke_for_lambda",
            "name": "iam_policy_invoke_for_lambda",
            "name_prefix": null,
            "path": "/",
            "policy": "{\"Id\":\"default\",\"Statement\":[{\"Action\":\"lambda:invokeFunction\",\"Condition\":{\"ArnLike\":{\"AWS:SourceArn\":\"arn:aws:sns:*\"}},\"Effect\":\"Allow\",\"Resource\":\"arn:aws:lambda:*\"}],\"Version\":\"2012-10-17\"}",
            "policy_id": "ANPA2D2FRYPTRYPLZR2CR",
            "tags": {},
            "tags_all": {}
          },
          "sensitive_attributes": [],
          "private": "bnVsbA=="
        }
      ]
    },
    {
      "mode": "managed",
      "type": "aws_iam_policy",
      "name": "lambda_logging",
      "provider": "provider[\"registry.terraform.io/hashicorp/aws\"]",
      "instances": [
        {
          "schema_version": 0,
          "attributes": {
            "arn": "arn:aws:iam::695393698791:policy/lambda_logging",
            "description": "IAM policy for logging from a lambda",
            "id": "arn:aws:iam::695393698791:policy/lambda_logging",
            "name": "lambda_logging",
            "name_prefix": null,
            "path": "/",
            "policy": "{\"Statement\":[{\"Action\":[\"logs:CreateLogGroup\",\"logs:CreateLogStream\",\"logs:PutLogEvents\"],\"Effect\":\"Allow\",\"Resource\":\"arn:aws:logs:*:*:*\"}],\"Version\":\"2012-10-17\"}",
            "policy_id": "ANPA2D2FRYPTYPXF5AZKN",
            "tags": {},
            "tags_all": {}
          },
          "sensitive_attributes": [],
          "private": "bnVsbA=="
        }
      ]
    },
    {
      "mode": "managed",
      "type": "aws_iam_role",
      "name": "lambda_role",
      "provider": "provider[\"registry.terraform.io/hashicorp/aws\"]",
      "instances": [
        {
          "schema_version": 0,
          "attributes": {
            "arn": "arn:aws:iam::695393698791:role/Lambda_Function_Role",
            "assume_role_policy": "{\"Statement\":[{\"Action\":\"sts:AssumeRole\",\"Effect\":\"Allow\",\"Principal\":{\"Service\":\"lambda.amazonaws.com\"},\"Sid\":\"\"}],\"Version\":\"2012-10-17\"}",
            "create_date": "2022-12-20T19:58:52Z",
            "description": "",
            "force_detach_policies": false,
            "id": "Lambda_Function_Role",
            "inline_policy": [],
            "managed_policy_arns": [
              "arn:aws:iam::695393698791:policy/iam_policy_invoke_for_lambda",
              "arn:aws:iam::695393698791:policy/lambda_logging"
            ],
            "max_session_duration": 3600,
            "name": "Lambda_Function_Role",
            "name_prefix": "",
            "path": "/",
            "permissions_boundary": null,
            "tags": {},
            "tags_all": {},
            "unique_id": "AROA2D2FRYPTRW6CO4NTT"
          },
          "sensitive_attributes": [],
          "private": "bnVsbA=="
        }
      ]
    },
    {
      "mode": "managed",
      "type": "aws_iam_role_policy_attachment",
      "name": "attach_lambda_sns_invocation_and_logs_policy",
      "provider": "provider[\"registry.terraform.io/hashicorp/aws\"]",
      "instances": [
        {
          "index_key": "arn:aws:iam::695393698791:policy/iam_policy_invoke_for_lambda",
          "schema_version": 0,
          "attributes": {
            "id": "Lambda_Function_Role-20221220195853830600000001",
            "policy_arn": "arn:aws:iam::695393698791:policy/iam_policy_invoke_for_lambda",
            "role": "Lambda_Function_Role"
          },
          "sensitive_attributes": [],
          "private": "bnVsbA==",
          "dependencies": [
            "aws_iam_policy.iam_policy_invoke_for_lambda",
            "aws_iam_policy.lambda_logging",
            "aws_iam_role.lambda_role"
          ]
        },
        {
          "index_key": "arn:aws:iam::695393698791:policy/lambda_logging",
          "schema_version": 0,
          "attributes": {
            "id": "Lambda_Function_Role-20221220195853837400000002",
            "policy_arn": "arn:aws:iam::695393698791:policy/lambda_logging",
            "role": "Lambda_Function_Role"
          },
          "sensitive_attributes": [],
          "private": "bnVsbA==",
          "dependencies": [
            "aws_iam_policy.iam_policy_invoke_for_lambda",
            "aws_iam_policy.lambda_logging",
            "aws_iam_role.lambda_role"
          ]
        }
      ]
    },
    {
      "mode": "managed",
      "type": "aws_lambda_function",
      "name": "terraform_lambda_func",
      "provider": "provider[\"registry.terraform.io/hashicorp/aws\"]",
      "instances": [
        {
          "schema_version": 0,
          "attributes": {
            "architectures": [
              "x86_64"
            ],
            "arn": "arn:aws:lambda:eu-west-1:695393698791:function:Launch_ECS_Lambda_Function",
            "code_signing_config_arn": "",
            "dead_letter_config": [],
            "description": "",
            "environment": [],
            "ephemeral_storage": [
              {
                "size": 512
              }
            ],
            "file_system_config": [],
            "filename": "./python/launch-ecs.zip",
            "function_name": "Launch_ECS_Lambda_Function",
            "handler": "launchTask.lambda_handler",
            "id": "Launch_ECS_Lambda_Function",
            "image_config": [],
            "image_uri": "",
            "invoke_arn": "arn:aws:apigateway:eu-west-1:lambda:path/2015-03-31/functions/arn:aws:lambda:eu-west-1:695393698791:function:Launch_ECS_Lambda_Function/invocations",
            "kms_key_arn": "",
            "last_modified": "2022-12-20T19:59:10.014+0000",
            "layers": [],
            "memory_size": 128,
            "package_type": "Zip",
            "publish": false,
            "qualified_arn": "arn:aws:lambda:eu-west-1:695393698791:function:Launch_ECS_Lambda_Function:$LATEST",
            "qualified_invoke_arn": "arn:aws:apigateway:eu-west-1:lambda:path/2015-03-31/functions/arn:aws:lambda:eu-west-1:695393698791:function:Launch_ECS_Lambda_Function:$LATEST/invocations",
            "reserved_concurrent_executions": -1,
            "role": "arn:aws:iam::695393698791:role/Lambda_Function_Role",
            "runtime": "python3.8",
            "s3_bucket": null,
            "s3_key": null,
            "s3_object_version": null,
            "signing_job_arn": "",
            "signing_profile_version_arn": "",
            "snap_start": [],
            "source_code_hash": "4lTEKPIXP0pq1Tdo7apmT6p2QpeOa6c9yuMrJ9DxJyw=",
            "source_code_size": 299,
            "tags": {},
            "tags_all": {},
            "timeout": 3,
            "timeouts": null,
            "tracing_config": [
              {
                "mode": "PassThrough"
              }
            ],
            "version": "$LATEST",
            "vpc_config": []
          },
          "sensitive_attributes": [],
          "private": "eyJlMmJmYjczMC1lY2FhLTExZTYtOGY4OC0zNDM2M2JjN2M0YzAiOnsiY3JlYXRlIjo2MDAwMDAwMDAwMDB9fQ==",
          "dependencies": [
            "aws_iam_policy.iam_policy_invoke_for_lambda",
            "aws_iam_policy.lambda_logging",
            "aws_iam_role.lambda_role",
            "aws_iam_role_policy_attachment.attach_lambda_sns_invocation_and_logs_policy"
          ]
        }
      ]
    },
    {
      "mode": "managed",
      "type": "aws_sns_topic",
      "name": "shopping_cart_updates",
      "provider": "provider[\"registry.terraform.io/hashicorp/aws\"]",
      "instances": [
        {
          "schema_version": 0,
          "attributes": {
            "application_failure_feedback_role_arn": "",
            "application_success_feedback_role_arn": "",
            "application_success_feedback_sample_rate": 0,
            "arn": "arn:aws:sns:eu-west-1:695393698791:shopping-cart-updates-topic",
            "content_based_deduplication": false,
            "delivery_policy": "",
            "display_name": "",
            "fifo_topic": false,
            "firehose_failure_feedback_role_arn": "",
            "firehose_success_feedback_role_arn": "",
            "firehose_success_feedback_sample_rate": 0,
            "http_failure_feedback_role_arn": "",
            "http_success_feedback_role_arn": "",
            "http_success_feedback_sample_rate": 0,
            "id": "arn:aws:sns:eu-west-1:695393698791:shopping-cart-updates-topic",
            "kms_master_key_id": "",
            "lambda_failure_feedback_role_arn": "",
            "lambda_success_feedback_role_arn": "",
            "lambda_success_feedback_sample_rate": 0,
            "name": "shopping-cart-updates-topic",
            "name_prefix": "",
            "owner": "695393698791",
            "policy": "{\"Id\":\"__default_policy_ID\",\"Statement\":[{\"Action\":[\"SNS:GetTopicAttributes\",\"SNS:SetTopicAttributes\",\"SNS:AddPermission\",\"SNS:RemovePermission\",\"SNS:DeleteTopic\",\"SNS:Subscribe\",\"SNS:ListSubscriptionsByTopic\",\"SNS:Publish\"],\"Condition\":{\"StringEquals\":{\"AWS:SourceOwner\":\"695393698791\"}},\"Effect\":\"Allow\",\"Principal\":{\"AWS\":\"*\"},\"Resource\":\"arn:aws:sns:eu-west-1:695393698791:shopping-cart-updates-topic\",\"Sid\":\"__default_statement_ID\"}],\"Version\":\"2008-10-17\"}",
            "sqs_failure_feedback_role_arn": "",
            "sqs_success_feedback_role_arn": "",
            "sqs_success_feedback_sample_rate": 0,
            "tags": {},
            "tags_all": {}
          },
          "sensitive_attributes": [],
          "private": "bnVsbA=="
        }
      ]
    },
    {
      "mode": "managed",
      "type": "aws_sns_topic_subscription",
      "name": "user_updates_lambda_target",
      "provider": "provider[\"registry.terraform.io/hashicorp/aws\"]",
      "instances": [
        {
          "schema_version": 0,
          "attributes": {
            "arn": "arn:aws:sns:eu-west-1:695393698791:shopping-cart-updates-topic:0bd81ae0-7343-49ed-9e54-93da8b082c3c",
            "confirmation_timeout_in_minutes": 1,
            "confirmation_was_authenticated": true,
            "delivery_policy": "",
            "endpoint": "arn:aws:lambda:eu-west-1:695393698791:function:Launch_ECS_Lambda_Function",
            "endpoint_auto_confirms": false,
            "filter_policy": "",
            "filter_policy_scope": "",
            "id": "arn:aws:sns:eu-west-1:695393698791:shopping-cart-updates-topic:0bd81ae0-7343-49ed-9e54-93da8b082c3c",
            "owner_id": "695393698791",
            "pending_confirmation": false,
            "protocol": "lambda",
            "raw_message_delivery": false,
            "redrive_policy": "",
            "subscription_role_arn": "",
            "topic_arn": "arn:aws:sns:eu-west-1:695393698791:shopping-cart-updates-topic"
          },
          "sensitive_attributes": [],
          "private": "bnVsbA==",
          "dependencies": [
            "aws_iam_policy.iam_policy_invoke_for_lambda",
            "aws_iam_policy.lambda_logging",
            "aws_iam_role.lambda_role",
            "aws_iam_role_policy_attachment.attach_lambda_sns_invocation_and_logs_policy",
            "aws_lambda_function.terraform_lambda_func",
            "aws_sns_topic.shopping_cart_updates"
          ]
        }
      ]
    },
    {
      "mode": "managed",
      "type": "aws_sns_topic_subscription",
      "name": "user_updates_sqs_target",
      "provider": "provider[\"registry.terraform.io/hashicorp/aws\"]",
      "instances": [
        {
          "schema_version": 0,
          "attributes": {
            "arn": "arn:aws:sns:eu-west-1:695393698791:shopping-cart-updates-topic:6107a373-6956-4b69-a8eb-3a21dfa606ef",
            "confirmation_timeout_in_minutes": 1,
            "confirmation_was_authenticated": true,
            "delivery_policy": "",
            "endpoint": "arn:aws:sqs:eu-west-1:695393698791:cart_queue",
            "endpoint_auto_confirms": false,
            "filter_policy": "",
            "filter_policy_scope": "",
            "id": "arn:aws:sns:eu-west-1:695393698791:shopping-cart-updates-topic:6107a373-6956-4b69-a8eb-3a21dfa606ef",
            "owner_id": "695393698791",
            "pending_confirmation": false,
            "protocol": "sqs",
            "raw_message_delivery": false,
            "redrive_policy": "",
            "subscription_role_arn": "",
            "topic_arn": "arn:aws:sns:eu-west-1:695393698791:shopping-cart-updates-topic"
          },
          "sensitive_attributes": [],
          "private": "bnVsbA==",
          "dependencies": [
            "aws_sns_topic.shopping_cart_updates",
            "aws_sqs_queue.cart_queue"
          ]
        }
      ]
    },
    {
      "mode": "managed",
      "type": "aws_sqs_queue",
      "name": "cart_queue",
      "provider": "provider[\"registry.terraform.io/hashicorp/aws\"]",
      "instances": [
        {
          "schema_version": 0,
          "attributes": {
            "arn": "arn:aws:sqs:eu-west-1:695393698791:cart_queue",
            "content_based_deduplication": false,
            "deduplication_scope": "",
            "delay_seconds": 0,
            "fifo_queue": false,
            "fifo_throughput_limit": "",
            "id": "https://sqs.eu-west-1.amazonaws.com/695393698791/cart_queue",
            "kms_data_key_reuse_period_seconds": 300,
            "kms_master_key_id": "",
            "max_message_size": 262144,
            "message_retention_seconds": 345600,
            "name": "cart_queue",
            "name_prefix": "",
            "policy": "{\"Id\":\"sqspolicy\",\"Statement\":[{\"Action\":\"sqs:SendMessage\",\"Effect\":\"Allow\",\"Principal\":\"*\",\"Resource\":\"arn:aws:sqs:eu-west-1:695393698791:cart_queue\",\"Sid\":\"First\"}],\"Version\":\"2012-10-17\"}",
            "receive_wait_time_seconds": 0,
            "redrive_allow_policy": "",
            "redrive_policy": "",
            "sqs_managed_sse_enabled": true,
            "tags": {},
            "tags_all": {},
            "url": "https://sqs.eu-west-1.amazonaws.com/695393698791/cart_queue",
            "visibility_timeout_seconds": 30
          },
          "sensitive_attributes": [],
          "private": "bnVsbA=="
        }
      ]
    },
    {
      "mode": "managed",
      "type": "aws_sqs_queue_policy",
      "name": "full_send_message_policy",
      "provider": "provider[\"registry.terraform.io/hashicorp/aws\"]",
      "instances": [
        {
          "schema_version": 1,
          "attributes": {
            "id": "https://sqs.eu-west-1.amazonaws.com/695393698791/cart_queue",
            "policy": "{\"Id\":\"sqspolicy\",\"Statement\":[{\"Action\":\"sqs:SendMessage\",\"Effect\":\"Allow\",\"Principal\":\"*\",\"Resource\":\"arn:aws:sqs:eu-west-1:695393698791:cart_queue\",\"Sid\":\"First\"}],\"Version\":\"2012-10-17\"}",
            "queue_url": "https://sqs.eu-west-1.amazonaws.com/695393698791/cart_queue"
          },
          "sensitive_attributes": [],
          "private": "eyJzY2hlbWFfdmVyc2lvbiI6IjEifQ==",
          "dependencies": [
            "aws_sqs_queue.cart_queue"
          ]
        }
      ]
    }
  ],
  "check_results": null
}
